"@babel/core@npm:^7.23.2":
  version: 7.28.4
  resolution: "@babel/core@npm:7.28.4"
  dependencies:
    "@babel/code-frame": ^7.27.1
    "@babel/generator": ^7.28.3
    "@babel/helper-compilation-targets": ^7.27.2
    "@babel/helper-module-transforms": ^7.28.3
    "@babel/helpers": ^7.28.4
    "@babel/parser": ^7.28.4
    "@babel/template": ^7.27.2
    "@babel/traverse": ^7.28.4
    "@babel/types": ^7.28.4
    "@jridgewell/remapping": ^2.3.5
    convert-source-map: ^2.0.0
    debug: ^4.1.0
    gensync: ^1.0.0-beta.2
    json5: ^2.2.3
    semver: ^6.3.1
  checksum: f55b90b2c61a6461f5c0ccab74d32af9c67448c43c629529ba7ec3c61d87fa8c408cc9305bfb1f5b09e671d25436d44eaf75c48dee5dc0a5c5e21c01290f5134
  languageName: node
  linkType: hard

"@babel/generator@npm:^7.28.3":
  version: 7.28.3
  resolution: "@babel/generator@npm:7.28.3"
  dependencies:
    "@babel/parser": ^7.28.3
    "@babel/types": ^7.28.2
    "@jridgewell/gen-mapping": ^0.3.12
    "@jridgewell/trace-mapping": ^0.3.28
    jsesc: ^3.0.2
  checksum: e2202bf2b9c8a94f7e7a0a049fda0ee037d055c46922e85afa3bbc53309113f859b8193894f991045d7865226028b8f4f06152ed315ab414451932016dba5e42
  languageName: node
  linkType: hard

"@babel/parser@npm:^7.28.3, @babel/parser@npm:^7.28.4":
  version: 7.28.4
  resolution: "@babel/parser@npm:7.28.4"
  dependencies:
    "@babel/types": ^7.28.4
  bin:
    parser: ./bin/babel-parser.js
  checksum: d95e283fe1153039b396926ef567ca1ab114afb5c732a23bbcbbd0465ac59971aeb6a63f37593ce7671a52d34ec52b23008c999d68241b42d26928c540464063
  languageName: node
  linkType: hard

"@babel/types@npm:^7.28.2, @babel/types@npm:^7.28.4":
  version: 7.28.4
  resolution: "@babel/types@npm:7.28.4"
  dependencies:
    "@babel/helper-string-parser": ^7.27.1
    "@babel/helper-validator-identifier": ^7.27.1
  checksum: a369b4fb73415a2ed902a15576b49696ae9777ddee394a7a904c62e6fbb31f43906b0147ae0b8f03ac17f20c248eac093df349e33c65c94617b12e524b759694
  languageName: node
  linkType: hard

"@emotion/core@npm:^10.0.14, @emotion/core@npm:^10.0.9, @emotion/core@npm:^10.1.1":
"@foliojs-fork/fontkit@npm:^1.9.2":
    "@open-condo/keystone": "workspace:^"
"accepts@npm:^1.3.5, accepts@npm:^1.3.7, accepts@npm:~1.3.5, accepts@npm:~1.3.8":
"ansi-align@npm:^3.0.0":
"apollo-link-http@npm:^1.3.2":
"apollo-link@npm:^1.0.7, apollo-link@npm:^1.2.14, apollo-link@npm:^1.2.2":
"apollo-utilities@npm:^1.3.0":
"asn1@npm:^0.2.6":
"axios@npm:^0.21.1":
"bcrypt-pbkdf@npm:^1.0.2":
"big-integer@npm:^1.6.48":
"busboy@npm:^1.6.0":
"chokidar@npm:^3.0.0, chokidar@npm:^3.5.3":
"combined-stream@npm:^1.0.8":
"concat-stream@npm:~1.6.0":
"cookie@npm:^0.7.0":
"cors@npm:^2.8.5":
"dayjs@npm:^1.11.10":
"dequal@npm:^2.0.0":
"domutils@npm:^3.0.1, domutils@npm:^3.1.0":
"dunder-proto@npm:^1.0.1":
"eventemitter3@npm:^3.1.0":
"express@npm:^4.21.2":
"extend@npm:^3.0.0, extend@npm:^3.0.2":
"fast-glob@npm:^3.3.3":
"follow-redirects@npm:^1.0.0":
"form-data@npm:^4.0.4":
"get-intrinsic@npm:^1.2.5, get-intrinsic@npm:^1.2.6, get-intrinsic@npm:^1.3.0":
"get-proto@npm:^1.0.1":
"glob@npm:8.1.0":
  version: 8.1.0
  resolution: "glob@npm:8.1.0"
  dependencies:
    fs.realpath: ^1.0.0
    inflight: ^1.0.4
    inherits: 2
    minimatch: ^5.0.1
    once: ^1.3.0
  checksum: 92fbea3221a7d12075f26f0227abac435de868dd0736a17170663783296d0dd8d3d532a5672b4488a439bf5d7fb85cdd07c11185d6cd39184f0385cbdfb86a47
  languageName: node
  linkType: hard

"glob@npm:^10.0.0, glob@npm:^10.4.1, glob@npm:^10.4.2":
"graphql-request@npm:^6.0.0":
"graphql-tag@npm:^2.11.0, graphql-tag@npm:^2.12.6":
"http-cache-semantics@npm:^4.0.0":
"iconv-lite@npm:^0.6.2, iconv-lite@npm:^0.6.3":
"ipaddr.js@npm:1.9.1":
"is-date-object@npm:^1.0.5":
"is-typed-array@npm:^1.1.14":
"js-yaml@npm:^3.10.0, js-yaml@npm:^3.13.1":
"json-stringify-safe@npm:^5.0.1":
"lru-cache@npm:^4.0.1":
"mime-types@npm:^2.1.12, mime-types@npm:^2.1.18, mime-types@npm:^2.1.27, mime-types@npm:^2.1.31, mime-types@npm:^2.1.35, mime-types@npm:~2.1.24, mime-types@npm:~2.1.34":
"mime@npm:1.6.0, mime@npm:^1.4.1":
"minipass@npm:^7.0.3, minipass@npm:^7.1.2":
"mkdirp@npm:^0.5.1":
"moment@npm:^2.24.0, moment@npm:^2.29.1, moment@npm:^2.29.2":
"mri@npm:^1.1.0":
"node-fetch@npm:^2.6.0, node-fetch@npm:^2.6.9, node-fetch@npm:^2.7.0":
"object-inspect@npm:^1.13.3":
"open@npm:^8.0.4":
"parse5-htmlparser2-tree-adapter@npm:^7.0.0":
"parse5@npm:^7.0.0":
"postcss@npm:^8.4.33":
"qs@npm:^6.11.2":
"regexp.prototype.flags@npm:^1.5.1":
"resolve@npm:^1.22.8, resolve@npm:^1.9.0":
  version: 1.22.10
  resolution: "resolve@npm:1.22.10"
  dependencies:
    is-core-module: ^2.16.0
    path-parse: ^1.0.7
    supports-preserve-symlinks-flag: ^1.0.0
  bin:
    resolve: bin/resolve
  checksum: ab7a32ff4046fcd7c6fdd525b24a7527847d03c3650c733b909b01b757f92eb23510afa9cc3e9bf3f26a3e073b48c88c706dfd4c1d2fb4a16a96b73b6328ddcf
  languageName: node
  linkType: hard

"resolve@patch:resolve@^1.22.8#~builtin<compat/resolve>, resolve@patch:resolve@^1.9.0#~builtin<compat/resolve>":
  version: 1.22.10
  resolution: "resolve@patch:resolve@npm%3A1.22.10#~builtin<compat/resolve>::version=1.22.10&hash=07638b"
  dependencies:
    is-core-module: ^2.16.0
    path-parse: ^1.0.7
    supports-preserve-symlinks-flag: ^1.0.0
  bin:
    resolve: bin/resolve
  checksum: 8aac1e4e4628bd00bf4b94b23de137dd3fe44097a8d528fd66db74484be929936e20c696e1a3edf4488f37e14180b73df6f600992baea3e089e8674291f16c9d
  languageName: node
  linkType: hard

"safe-buffer@npm:5.2.1, safe-buffer@npm:>=5.1.0, safe-buffer@npm:^5.0.1, safe-buffer@npm:^5.1.0, safe-buffer@npm:^5.1.2, safe-buffer@npm:^5.2.1, safe-buffer@npm:~5.2.0":
"safer-buffer@npm:>= 2.1.2 < 3, safer-buffer@npm:>= 2.1.2 < 3.0.0, safer-buffer@npm:~2.1.0":
"source-map-support@npm:^0.5.16, source-map-support@npm:~0.5.20":
"ssh2@npm:^1.15.0":
  version: 1.17.0
  resolution: "ssh2@npm:1.17.0"
    nan: ^2.23.0
  checksum: 1661b020e367e358603187a1efbb7628cb9b2f75543f60e354ede67be1216d331f2b99a73c57fb01a04be050a1e06fc97d04760d1396ea658ca816ddf80df9a9
"ssh2@npm:^1.4.0":
  version: 1.16.0
  resolution: "ssh2@npm:1.16.0"
    nan: ^2.20.0
  checksum: c024c4a432aae2457852037f31c0d9bec323fb062ace3a31e4a6dd6c55842246c80e7d20ff93ffed22dde1e523250d8438bc2f7d4a1450cf4fa4887818176f0e
"symbol-observable@npm:^1.0.3, symbol-observable@npm:^1.0.4":
"tweetnacl@npm:^0.14.3":
"type-is@npm:^1.6.16, type-is@npm:~1.6.18":
"uuid@npm:^8.0.0, uuid@npm:^8.3.0, uuid@npm:^8.3.2":
"which-typed-array@npm:^1.1.16":
"which@npm:^1.2.9, which@npm:^1.3.1":
"xml2js@npm:0.6.2":
