# THIS IS AN AUTOGENERATED FILE. DO NOT EDIT THIS FILE DIRECTLY.
# yarn lockfile v1


use-keyboard-shortcut@^1.0.6:
  version "1.0.6"
  resolved "https://registry.yarnpkg.com/use-keyboard-shortcut/-/use-keyboard-shortcut-1.0.6.tgz#0b67160dd0ef192a9c8262f5068609db4d9806dc"
  integrity sha512-xdH5+XZ6fpey4Cvuh/T0q0tBYu9RGlhg1Xf2W6THtGi5CnI/M90kVaCpfy/Ew8ZDyJnUEwSh4gYolVI2QtgciQ==
